// !$*UTF8*$!
{
	archiveVersion = 1;
	classes = {
	};
	objectVersion = 46;
	objects = {

/* Begin PBXBuildFile section */
		A4ED54C01C278C5A00BCDFB4 /* main.m in Sources */ = {isa = PBXBuildFile; fileRef = A4ED54BF1C278C5A00BCDFB4 /* main.m */; };
		A4ED54C31C278C5A00BCDFB4 /* AppDelegate.m in Sources */ = {isa = PBXBuildFile; fileRef = A4ED54C21C278C5A00BCDFB4 /* AppDelegate.m */; };
		A4ED54C61C278C5A00BCDFB4 /* ViewController.m in Sources */ = {isa = PBXBuildFile; fileRef = A4ED54C51C278C5A00BCDFB4 /* ViewController.m */; };
		A4ED54C91C278C5A00BCDFB4 /* Main.storyboard in Resources */ = {isa = PBXBuildFile; fileRef = A4ED54C71C278C5A00BCDFB4 /* Main.storyboard */; };
		A4ED54CB1C278C5A00BCDFB4 /* Assets.xcassets in Resources */ = {isa = PBXBuildFile; fileRef = A4ED54CA1C278C5A00BCDFB4 /* Assets.xcassets */; };
		A4ED54CE1C278C5A00BCDFB4 /* LaunchScreen.storyboard in Resources */ = {isa = PBXBuildFile; fileRef = A4ED54CC1C278C5A00BCDFB4 /* LaunchScreen.storyboard */; };
		A4ED54DB1C278CC300BCDFB4 /* BRKeychain.m in Sources */ = {isa = PBXBuildFile; fileRef = A4ED54DA1C278CC300BCDFB4 /* BRKeychain.m */; };
/* End PBXBuildFile section */

/* Begin PBXFileReference section */
		A4ED54BB1C278C5A00BCDFB4 /* Keychain.app */ = {isa = PBXFileReference; explicitFileType = wrapper.application; includeInIndex = 0; path = Keychain.app; sourceTree = BUILT_PRODUCTS_DIR; };
		A4ED54BF1C278C5A00BCDFB4 /* main.m */ = {isa = PBXFileReference; lastKnownFileType = sourcecode.c.objc; path = main.m; sourceTree = "<group>"; };
		A4ED54C11C278C5A00BCDFB4 /* AppDelegate.h */ = {isa = PBXFileReference; lastKnownFileType = sourcecode.c.h; path = AppDelegate.h; sourceTree = "<group>"; };
		A4ED54C21C278C5A00BCDFB4 /* AppDelegate.m */ = {isa = PBXFileReference; lastKnownFileType = sourcecode.c.objc; path = AppDelegate.m; sourceTree = "<group>"; };
		A4ED54C41C278C5A00BCDFB4 /* ViewController.h */ = {isa = PBXFileReference; lastKnownFileType = sourcecode.c.h; path = ViewController.h; sourceTree = "<group>"; };
		A4ED54C51C278C5A00BCDFB4 /* ViewController.m */ = {isa = PBXFileReference; lastKnownFileType = sourcecode.c.objc; path = ViewController.m; sourceTree = "<group>"; };
		A4ED54C81C278C5A00BCDFB4 /* Base */ = {isa = PBXFileReference; lastKnownFileType = file.storyboard; name = Base; path = Base.lproj/Main.storyboard; sourceTree = "<group>"; };
		A4ED54CA1C278C5A00BCDFB4 /* Assets.xcassets */ = {isa = PBXFileReference; lastKnownFileType = folder.assetcatalog; path = Assets.xcassets; sourceTree = "<group>"; };
		A4ED54CD1C278C5A00BCDFB4 /* Base */ = {isa = PBXFileReference; lastKnownFileType = file.storyboard; name = Base; path = Base.lproj/LaunchScreen.storyboard; sourceTree = "<group>"; };
		A4ED54CF1C278C5A00BCDFB4 /* Info.plist */ = {isa = PBXFileReference; lastKnownFileType = text.plist.xml; path = Info.plist; sourceTree = "<group>"; };
		A4ED54D91C278CC300BCDFB4 /* BRKeychain.h */ = {isa = PBXFileReference; fileEncoding = 4; lastKnownFileType = sourcecode.c.h; path = BRKeychain.h; sourceTree = "<group>"; };
		A4ED54DA1C278CC300BCDFB4 /* BRKeychain.m */ = {isa = PBXFileReference; fileEncoding = 4; lastKnownFileType = sourcecode.c.objc; path = BRKeychain.m; sourceTree = "<group>"; };
/* End PBXFileReference section */

/* Begin PBXFrameworksBuildPhase section */
		A4ED54B81C278C5A00BCDFB4 /* Frameworks */ = {
			isa = PBXFrameworksBuildPhase;
			buildActionMask = 2147483647;
			files = (
			);
			runOnlyForDeploymentPostprocessing = 0;
		};
/* End PBXFrameworksBuildPhase section */

/* Begin PBXGroup section */
		A4ED54B21C278C5A00BCDFB4 = {
			isa = PBXGroup;
			children = (
				A4ED54BD1C278C5A00BCDFB4 /* Keychain */,
				A4ED54BC1C278C5A00BCDFB4 /* Products */,
			);
			sourceTree = "<group>";
		};
		A4ED54BC1C278C5A00BCDFB4 /* Products */ = {
			isa = PBXGroup;
			children = (
				A4ED54BB1C278C5A00BCDFB4 /* Keychain.app */,
			);
			name = Products;
			sourceTree = "<group>";
		};
		A4ED54BD1C278C5A00BCDFB4 /* Keychain */ = {
			isa = PBXGroup;
			children = (
				A4ED54D51C278C7100BCDFB4 /* Keychain */,
				A4ED54C11C278C5A00BCDFB4 /* AppDelegate.h */,
				A4ED54C21C278C5A00BCDFB4 /* AppDelegate.m */,
				A4ED54C41C278C5A00BCDFB4 /* ViewController.h */,
				A4ED54C51C278C5A00BCDFB4 /* ViewController.m */,
				A4ED54C71C278C5A00BCDFB4 /* Main.storyboard */,
				A4ED54CA1C278C5A00BCDFB4 /* Assets.xcassets */,
				A4ED54CC1C278C5A00BCDFB4 /* LaunchScreen.storyboard */,
				A4ED54CF1C278C5A00BCDFB4 /* Info.plist */,
				A4ED54BE1C278C5A00BCDFB4 /* Supporting Files */,
			);
			path = Keychain;
			sourceTree = "<group>";
		};
		A4ED54BE1C278C5A00BCDFB4 /* Supporting Files */ = {
			isa = PBXGroup;
			children = (
				A4ED54BF1C278C5A00BCDFB4 /* main.m */,
			);
			name = "Supporting Files";
			sourceTree = "<group>";
		};
		A4ED54D51C278C7100BCDFB4 /* Keychain */ = {
			isa = PBXGroup;
			children = (
				A4ED54D91C278CC300BCDFB4 /* BRKeychain.h */,
				A4ED54DA1C278CC300BCDFB4 /* BRKeychain.m */,
			);
			path = Keychain;
			sourceTree = "<group>";
		};
/* End PBXGroup section */

/* Begin PBXNativeTarget section */
		A4ED54BA1C278C5A00BCDFB4 /* Keychain */ = {
			isa = PBXNativeTarget;
			buildConfigurationList = A4ED54D21C278C5A00BCDFB4 /* Build configuration list for PBXNativeTarget "Keychain" */;
			buildPhases = (
				A4ED54B71C278C5A00BCDFB4 /* Sources */,
				A4ED54B81C278C5A00BCDFB4 /* Frameworks */,
				A4ED54B91C278C5A00BCDFB4 /* Resources */,
			);
			buildRules = (
			);
			dependencies = (
			);
			name = Keychain;
			productName = Keychain;
			productReference = A4ED54BB1C278C5A00BCDFB4 /* Keychain.app */;
			productType = "com.apple.product-type.application";
		};
/* End PBXNativeTarget section */

/* Begin PBXProject section */
		A4ED54B31C278C5A00BCDFB4 /* Project object */ = {
			isa = PBXProject;
			attributes = {
				LastUpgradeCheck = 0720;
				ORGANIZATIONNAME = Broccoli;
				TargetAttributes = {
					A4ED54BA1C278C5A00BCDFB4 = {
						CreatedOnToolsVersion = 7.2;
					};
				};
			};
			buildConfigurationList = A4ED54B61C278C5A00BCDFB4 /* Build configuration list for PBXProject "Keychain" */;
			compatibilityVersion = "Xcode 3.2";
			developmentRegion = English;
			hasScannedForEncodings = 0;
			knownRegions = (
				en,
				Base,
			);
			mainGroup = A4ED54B21C278C5A00BCDFB4;
			productRefGroup = A4ED54BC1C278C5A00BCDFB4 /* Products */;
			projectDirPath = "";
			projectRoot = "";
			targets = (
				A4ED54BA1C278C5A00BCDFB4 /* Keychain */,
			);
		};
/* End PBXProject section */

/* Begin PBXResourcesBuildPhase section */
		A4ED54B91C278C5A00BCDFB4 /* Resources */ = {
			isa = PBXResourcesBuildPhase;
			buildActionMask = 2147483647;
			files = (
				A4ED54CE1C278C5A00BCDFB4 /* LaunchScreen.storyboard in Resources */,
				A4ED54CB1C278C5A00BCDFB4 /* Assets.xcassets in Resources */,
				A4ED54C91C278C5A00BCDFB4 /* Main.storyboard in Resources */,
			);
			runOnlyForDeploymentPostprocessing = 0;
		};
/* End PBXResourcesBuildPhase section */

/* Begin PBXSourcesBuildPhase section */
		A4ED54B71C278C5A00BCDFB4 /* Sources */ = {
			isa = PBXSourcesBuildPhase;
			buildActionMask = 2147483647;
			files = (
				A4ED54C61C278C5A00BCDFB4 /* ViewController.m in Sources */,
				A4ED54DB1C278CC300BCDFB4 /* BRKeychain.m in Sources */,
				A4ED54C31C278C5A00BCDFB4 /* AppDelegate.m in Sources */,
				A4ED54C01C278C5A00BCDFB4 /* main.m in Sources */,
			);
			runOnlyForDeploymentPostprocessing = 0;
		};
/* End PBXSourcesBuildPhase section */

/* Begin PBXVariantGroup section */
		A4ED54C71C278C5A00BCDFB4 /* Main.storyboard */ = {
			isa = PBXVariantGroup;
			children = (
				A4ED54C81C278C5A00BCDFB4 /* Base */,
			);
			name = Main.storyboard;
			sourceTree = "<group>";
		};
		A4ED54CC1C278C5A00BCDFB4 /* LaunchScreen.storyboard */ = {
			isa = PBXVariantGroup;
			children = (
				A4ED54CD1C278C5A00BCDFB4 /* Base */,
			);
			name = LaunchScreen.storyboard;
			sourceTree = "<group>";
		};
/* End PBXVariantGroup section */

/* Begin XCBuildConfiguration section */
		A4ED54D01C278C5A00BCDFB4 /* Debug */ = {
			isa = XCBuildConfiguration;
			buildSettings = {
				ALWAYS_SEARCH_USER_PATHS = NO;
				CLANG_CXX_LANGUAGE_STANDARD = "gnu++0x";
				CLANG_CXX_LIBRARY = "libc++";
				CLANG_ENABLE_MODULES = YES;
				CLANG_ENABLE_OBJC_ARC = YES;
				CLANG_WARN_BOOL_CONVERSION = YES;
				CLANG_WARN_CONSTANT_CONVERSION = YES;
				CLANG_WARN_DIRECT_OBJC_ISA_USAGE = YES_ERROR;
				CLANG_WARN_EMPTY_BODY = YES;
				CLANG_WARN_ENUM_CONVERSION = YES;
				CLANG_WARN_INT_CONVERSION = YES;
				CLANG_WARN_OBJC_ROOT_CLASS = YES_ERROR;
				CLANG_WARN_UNREACHABLE_CODE = YES;
				CLANG_WARN__DUPLICATE_METHOD_MATCH = YES;
				"CODE_SIGN_IDENTITY[sdk=iphoneos*]" = "iPhone Developer";
				COPY_PHASE_STRIP = NO;
				DEBUG_INFORMATION_FORMAT = dwarf;
				ENABLE_STRICT_OBJC_MSGSEND = YES;
				ENABLE_TESTABILITY = YES;
				GCC_C_LANGUAGE_STANDARD = gnu99;
				GCC_DYNAMIC_NO_PIC = NO;
				GCC_NO_COMMON_BLOCKS = YES;
				GCC_OPTIMIZATION_LEVEL = 0;
				GCC_PREPROCESSOR_DEFINITIONS = (
					"DEBUG=1",
					"$(inherited)",
				);
				GCC_WARN_64_TO_32_BIT_CONVERSION = YES;
				GCC_WARN_ABOUT_RETURN_TYPE = YES_ERROR;
				GCC_WARN_UNDECLARED_SELECTOR = YES;
				GCC_WARN_UNINITIALIZED_AUTOS = YES_AGGRESSIVE;
				GCC_WARN_UNUSED_FUNCTION = YES;
				GCC_WARN_UNUSED_VARIABLE = YES;
				IPHONEOS_DEPLOYMENT_TARGET = 9.2;
				MTL_ENABLE_DEBUG_INFO = YES;
				ONLY_ACTIVE_ARCH = YES;
				SDKROOT = iphoneos;
				TARGETED_DEVICE_FAMILY = "1,2";
			};
			name = Debug;
		};
		A4ED54D11C278C5A00BCDFB4 /* Release */ = {
			isa = XCBuildConfiguration;
			buildSettings = {
				ALWAYS_SEARCH_USER_PATHS = NO;
				CLANG_CXX_LANGUAGE_STANDARD = "gnu++0x";
				CLANG_CXX_LIBRARY = "libc++";
				CLANG_ENABLE_MODULES = YES;
				CLANG_ENABLE_OBJC_ARC = YES;
				CLANG_WARN_BOOL_CONVERSION = YES;
				CLANG_WARN_CONSTANT_CONVERSION = YES;
				CLANG_WARN_DIRECT_OBJC_ISA_USAGE = YES_ERROR;
				CLANG_WARN_EMPTY_BODY = YES;
				CLANG_WARN_ENUM_CONVERSION = YES;
				CLANG_WARN_INT_CONVERSION = YES;
				CLANG_WARN_OBJC_ROOT_CLASS = YES_ERROR;
				CLANG_WARN_UNREACHABLE_CODE = YES;
				CLANG_WARN__DUPLICATE_METHOD_MATCH = YES;
				"CODE_SIGN_IDENTITY[sdk=iphoneos*]" = "iPhone Developer";
				COPY_PHASE_STRIP = NO;
				DEBUG_INFORMATION_FORMAT = "dwarf-with-dsym";
				ENABLE_NS_ASSERTIONS = NO;
				ENABLE_STRICT_OBJC_MSGSEND = YES;
				GCC_C_LANGUAGE_STANDARD = gnu99;
				GCC_NO_COMMON_BLOCKS = YES;
				GCC_WARN_64_TO_32_BIT_CONVERSION = YES;
				GCC_WARN_ABOUT_RETURN_TYPE = YES_ERROR;
				GCC_WARN_UNDECLARED_SELECTOR = YES;
				GCC_WARN_UNINITIALIZED_AUTOS = YES_AGGRESSIVE;
				GCC_WARN_UNUSED_FUNCTION = YES;
				GCC_WARN_UNUSED_VARIABLE = YES;
				IPHONEOS_DEPLOYMENT_TARGET = 9.2;
				MTL_ENABLE_DEBUG_INFO = NO;
				SDKROOT = iphoneos;
				TARGETED_DEVICE_FAMILY = "1,2";
				VALIDATE_PRODUCT = YES;
			};
			name = Release;
		};
		A4ED54D31C278C5A00BCDFB4 /* Debug */ = {
			isa = XCBuildConfiguration;
			buildSettings = {
				ASSETCATALOG_COMPILER_APPICON_NAME = AppIcon;
				INFOPLIST_FILE = Keychain/Info.plist;
				LD_RUNPATH_SEARCH_PATHS = "$(inherited) @executable_path/Frameworks";
				PRODUCT_BUNDLE_IDENTIFIER = com.Broccoli.Keychain;
				PRODUCT_NAME = "$(TARGET_NAME)";
			};
			name = Debug;
		};
		A4ED54D41C278C5A00BCDFB4 /* Release */ = {
			isa = XCBuildConfiguration;
			buildSettings = {
				ASSETCATALOG_COMPILER_APPICON_NAME = AppIcon;
				INFOPLIST_FILE = Keychain/Info.plist;
				LD_RUNPATH_SEARCH_PATHS = "$(inherited) @executable_path/Frameworks";
				PRODUCT_BUNDLE_IDENTIFIER = com.Broccoli.Keychain;
				PRODUCT_NAME = "$(TARGET_NAME)";
			};
			name = Release;
		};
/* End XCBuildConfiguration section */

/* Begin XCConfigurationList section */
		A4ED54B61C278C5A00BCDFB4 /* Build configuration list for PBXProject "Keychain" */ = {
			isa = XCConfigurationList;
			buildConfigurations = (
				A4ED54D01C278C5A00BCDFB4 /* Debug */,
				A4ED54D11C278C5A00BCDFB4 /* Release */,
			);
			defaultConfigurationIsVisible = 0;
			defaultConfigurationName = Release;
		};
		A4ED54D21C278C5A00BCDFB4 /* Build configuration list for PBXNativeTarget "Keychain" */ = {
			isa = XCConfigurationList;
			buildConfigurations = (
				A4ED54D31C278C5A00BCDFB4 /* Debug */,
				A4ED54D41C278C5A00BCDFB4 /* Release */,
			);
			defaultConfigurationIsVisible = 0;
		};
/* End XCConfigurationList section */
	};
	rootObject = A4ED54B31C278C5A00BCDFB4 /* Project object */;
}
